github.com/google/uuid v1.6.0 h1:NIvaJDMOsjHA8n1jAhLSgzrAzy1Hgr+hNrb57e+94F0=
github.com/google/uuid v1.6.0/go.mod h1:TIyPZe4MgqvfeYDBFedMoGGpEw/LqOeaOT+nhxU+yHo=
github.com/uptrace/opentelemetry-go-extra/otelutil v0.2.4 h1:A6+6ZGgLRoUTD+Jkw/Ph0g8HKiHUsiGlbngcSqBaHsw=
github.com/uptrace/opentelemetry-go-extra/otelutil v0.2.4/go.mod h1:gNYQe4RRVyszriFOhuMpwpAu4kdoFlZgcsw6dcIDFWg=
github.com/uptrace/opentelemetry-go-extra/otelzap v0.2.4 h1:/4mU8NB88+6u9JVKlkdD6HjrhRM1V1KRTsJaU8FSr8I=
github.com/uptrace/opentelemetry-go-extra/otelzap v0.2.4/go.mod h1:JoL6Kg6zYo9WtK5Y715GWItSUNpWprRYj5wgO01h00g=
go.opentelemetry.io/otel v1.24.0 h1:0LAOdjNmQeSTzGBzduGe/rU4tZhMwL5rWgtp9Ku5Jfo=
go.opentelemetry.io/otel v1.24.0/go.mod h1:W7b9Ozg4nkF5tWI5zsXkaKKDjdVjpD4oAt9Qi/MArHo=
go.opentelemetry.io/otel/trace v1.24.0 h1:CsKnnL4dUAr/0llH9FKuc698G04IrpWV0MQA/Y1YELI=
go.opentelemetry.io/otel/trace v1.24.0/go.mod h1:HPc3Xr/cOApsBI154IU0OI0HJexz+aw5uPdbs3UCjNU=
go.uber.org/multierr v1.11.0 h1:blXXJkSxSSfBVBlC76pxqeO+LN3aDfLQo+309xJstO0=
go.uber.org/multierr v1.11.0/go.mod h1:20+QtiLqy0Nd6FdQB9TLXag12DsQkrbs3htMFfDN80Y=
go.uber.org/zap v1.27.0 h1:aJMhYGrd5QSmlpLMr2MftRKl7t8J8PTZPA732ud/XR8=
go.uber.org/zap v1.27.0/go.mod h1:GB2qFLM7cTU87MWRP2mPIjqfIDnGu+VIO4V/SdhGo2E=
